
Microsoft Visual Studio Solution File, Format Version 12.00
# Visual Studio Version 16
VisualStudioVersion = 16.0.30011.22
MinimumVisualStudioVersion = 10.0.40219.1
Project("{FAE04EC0-301F-11D3-BF4B-00C04F79EFBC}") = "VidlyWebApp", "VidlyWebApp.csproj", "{3F1B4284-483A-4196-B870-CF6CF8727FF6}"
EndProject
Global
	GlobalSection(SolutionConfigurationPlatforms) = preSolution
		Debug|Any CPU = Debug|Any CPU
		Release|Any CPU = Release|Any CPU
	EndGlobalSection
	GlobalSection(ProjectConfigurationPlatforms) = postSolution
		{3F1B4284-483A-4196-B870-CF6CF8727FF6}.Debug|Any CPU.ActiveCfg = Debug|Any CPU
		{3F1B4284-483A-4196-B870-CF6CF8727FF6}.Debug|Any CPU.Build.0 = Debug|Any CPU
		{3F1B4284-483A-4196-B870-CF6CF8727FF6}.Release|Any CPU.ActiveCfg = Release|Any CPU
		{3F1B4284-483A-4196-B870-CF6CF8727FF6}.Release|Any CPU.Build.0 = Release|Any CPU
	EndGlobalSection
	GlobalSection(SolutionProperties) = preSolution
		HideSolutionNode = FALSE
	EndGlobalSection
	GlobalSection(ExtensibilityGlobals) = postSolution
		SolutionGuid = {18BA9779-0DF4-4E91-AE2F-46F15D5A5F5A}
	EndGlobalSection
EndGlobal
